// !$*UTF8*$!
{
	archiveVersion = 1;
	classes = {
	};
	objectVersion = 56;
	objects = {

/* Begin PBXBuildFile section */
		2F60E6D52A40AE54004B9838 /* DeviceInfo.swift in Sources */ = {isa = PBXBuildFile; fileRef = 2F60E6D42A40AE54004B9838 /* DeviceInfo.swift */; };
		333823DC2A3C282E00DECEA8 /* auroraApp.swift in Sources */ = {isa = PBXBuildFile; fileRef = 333823DB2A3C282E00DECEA8 /* auroraApp.swift */; };
		333823DE2A3C282E00DECEA8 /* ContentView.swift in Sources */ = {isa = PBXBuildFile; fileRef = 333823DD2A3C282E00DECEA8 /* ContentView.swift */; };
		333823E02A3C283000DECEA8 /* Assets.xcassets in Resources */ = {isa = PBXBuildFile; fileRef = 333823DF2A3C283000DECEA8 /* Assets.xcassets */; };
		333824072A3C2A3B00DECEA8 /* Main.swift in Sources */ = {isa = PBXBuildFile; fileRef = 333824062A3C2A3B00DECEA8 /* Main.swift */; };
		3338240A2A3C38EA00DECEA8 /* Blurs.swift in Sources */ = {isa = PBXBuildFile; fileRef = 333824092A3C38EA00DECEA8 /* Blurs.swift */; };
		3338240C2A3C53FC00DECEA8 /* Options.swift in Sources */ = {isa = PBXBuildFile; fileRef = 3338240B2A3C53FC00DECEA8 /* Options.swift */; };
		333824112A3C6BA300DECEA8 /* Credits.swift in Sources */ = {isa = PBXBuildFile; fileRef = 333824102A3C6BA300DECEA8 /* Credits.swift */; };
		333824132A3C73B100DECEA8 /* CellModifiers.swift in Sources */ = {isa = PBXBuildFile; fileRef = 333824122A3C73B100DECEA8 /* CellModifiers.swift */; };
		3338241B2A3C96BA00DECEA8 /* Observable.swift in Sources */ = {isa = PBXBuildFile; fileRef = 3338241A2A3C96BA00DECEA8 /* Observable.swift */; };
		3338241E2A3D15DD00DECEA8 /* Jailbreak.swift in Sources */ = {isa = PBXBuildFile; fileRef = 3338241D2A3D15DD00DECEA8 /* Jailbreak.swift */; };
		333824342A3D4E8100DECEA8 /* Reboot.swift in Sources */ = {isa = PBXBuildFile; fileRef = 333824332A3D4E8100DECEA8 /* Reboot.swift */; };
		333824432A3E715900DECEA8 /* Validation.swift in Sources */ = {isa = PBXBuildFile; fileRef = 333824422A3E715900DECEA8 /* Validation.swift */; };
		336F0C422A3E813500226184 /* Logging.swift in Sources */ = {isa = PBXBuildFile; fileRef = 336F0C412A3E813500226184 /* Logging.swift */; };
		33A4819D2A3F18810048FE22 /* Background.swift in Sources */ = {isa = PBXBuildFile; fileRef = 33A4819C2A3F18810048FE22 /* Background.swift */; };
		33D954722A4A72F300429300 /* LookinServer in Frameworks */ = {isa = PBXBuildFile; productRef = 33D954712A4A72F300429300 /* LookinServer */; };
		33D954792A4ADD2300429300 /* Funny.swift in Sources */ = {isa = PBXBuildFile; fileRef = 33D954782A4ADD2300429300 /* Funny.swift */; };
		33D9547C2A4AE2B800429300 /* SDWebImageSwiftUI in Frameworks */ = {isa = PBXBuildFile; productRef = 33D9547B2A4AE2B800429300 /* SDWebImageSwiftUI */; };
		33F98EA02A413F3F001B1A27 /* Banners.swift in Sources */ = {isa = PBXBuildFile; fileRef = 33F98E9F2A413F3F001B1A27 /* Banners.swift */; };
		AAAF1B062A3E944A00FBEBAF /* SwiftUIBackports in Frameworks */ = {isa = PBXBuildFile; productRef = AAAF1B052A3E944A00FBEBAF /* SwiftUIBackports */; };
		AAD2FA372A3DBB2E008D8AF1 /* ThemePicker.swift in Sources */ = {isa = PBXBuildFile; fileRef = AAD2FA362A3DBB2E008D8AF1 /* ThemePicker.swift */; };
		AAD2FA4F2A3E8AC2008D8AF1 /* Console.swift in Sources */ = {isa = PBXBuildFile; fileRef = AAD2FA4E2A3E8AC2008D8AF1 /* Console.swift */; };
/* End PBXBuildFile section */

/* Begin PBXFileReference section */
		2F60E6D42A40AE54004B9838 /* DeviceInfo.swift */ = {isa = PBXFileReference; lastKnownFileType = sourcecode.swift; path = DeviceInfo.swift; sourceTree = "<group>"; };
		333823D82A3C282E00DECEA8 /* Aurora.app */ = {isa = PBXFileReference; explicitFileType = wrapper.application; includeInIndex = 0; path = Aurora.app; sourceTree = BUILT_PRODUCTS_DIR; };
		333823DB2A3C282E00DECEA8 /* auroraApp.swift */ = {isa = PBXFileReference; lastKnownFileType = sourcecode.swift; path = auroraApp.swift; sourceTree = "<group>"; };
		333823DD2A3C282E00DECEA8 /* ContentView.swift */ = {isa = PBXFileReference; lastKnownFileType = sourcecode.swift; path = ContentView.swift; sourceTree = "<group>"; };
		333823DF2A3C283000DECEA8 /* Assets.xcassets */ = {isa = PBXFileReference; lastKnownFileType = folder.assetcatalog; path = Assets.xcassets; sourceTree = "<group>"; };
		333824062A3C2A3B00DECEA8 /* Main.swift */ = {isa = PBXFileReference; lastKnownFileType = sourcecode.swift; path = Main.swift; sourceTree = "<group>"; };
		333824092A3C38EA00DECEA8 /* Blurs.swift */ = {isa = PBXFileReference; lastKnownFileType = sourcecode.swift; path = Blurs.swift; sourceTree = "<group>"; };
		3338240B2A3C53FC00DECEA8 /* Options.swift */ = {isa = PBXFileReference; lastKnownFileType = sourcecode.swift; path = Options.swift; sourceTree = "<group>"; };
		333824102A3C6BA300DECEA8 /* Credits.swift */ = {isa = PBXFileReference; lastKnownFileType = sourcecode.swift; path = Credits.swift; sourceTree = "<group>"; };
		333824122A3C73B100DECEA8 /* CellModifiers.swift */ = {isa = PBXFileReference; lastKnownFileType = sourcecode.swift; path = CellModifiers.swift; sourceTree = "<group>"; };
		3338241A2A3C96BA00DECEA8 /* Observable.swift */ = {isa = PBXFileReference; lastKnownFileType = sourcecode.swift; path = Observable.swift; sourceTree = "<group>"; };
		3338241D2A3D15DD00DECEA8 /* Jailbreak.swift */ = {isa = PBXFileReference; lastKnownFileType = sourcecode.swift; path = Jailbreak.swift; sourceTree = "<group>"; };
		333824332A3D4E8100DECEA8 /* Reboot.swift */ = {isa = PBXFileReference; lastKnownFileType = sourcecode.swift; path = Reboot.swift; sourceTree = "<group>"; };
		333824422A3E715900DECEA8 /* Validation.swift */ = {isa = PBXFileReference; lastKnownFileType = sourcecode.swift; path = Validation.swift; sourceTree = "<group>"; };
		336F0C412A3E813500226184 /* Logging.swift */ = {isa = PBXFileReference; lastKnownFileType = sourcecode.swift; path = Logging.swift; sourceTree = "<group>"; };
		33A4819C2A3F18810048FE22 /* Background.swift */ = {isa = PBXFileReference; lastKnownFileType = sourcecode.swift; path = Background.swift; sourceTree = "<group>"; };
		33D954762A4A959600429300 /* Info.plist */ = {isa = PBXFileReference; fileEncoding = 4; lastKnownFileType = text.plist.xml; path = Info.plist; sourceTree = "<group>"; };
		33D954782A4ADD2300429300 /* Funny.swift */ = {isa = PBXFileReference; lastKnownFileType = sourcecode.swift; path = Funny.swift; sourceTree = "<group>"; };
		33F98E9F2A413F3F001B1A27 /* Banners.swift */ = {isa = PBXFileReference; lastKnownFileType = sourcecode.swift; path = Banners.swift; sourceTree = "<group>"; };
		AAD2FA362A3DBB2E008D8AF1 /* ThemePicker.swift */ = {isa = PBXFileReference; lastKnownFileType = sourcecode.swift; path = ThemePicker.swift; sourceTree = "<group>"; };
		AAD2FA4E2A3E8AC2008D8AF1 /* Console.swift */ = {isa = PBXFileReference; lastKnownFileType = sourcecode.swift; path = Console.swift; sourceTree = "<group>"; };
/* End PBXFileReference section */

/* Begin PBXFrameworksBuildPhase section */
		333823D52A3C282E00DECEA8 /* Frameworks */ = {
			isa = PBXFrameworksBuildPhase;
			buildActionMask = 2147483647;
			files = (
				33D9547C2A4AE2B800429300 /* SDWebImageSwiftUI in Frameworks */,
				33D954722A4A72F300429300 /* LookinServer in Frameworks */,
				AAAF1B062A3E944A00FBEBAF /* SwiftUIBackports in Frameworks */,
			);
			runOnlyForDeploymentPostprocessing = 0;
		};
/* End PBXFrameworksBuildPhase section */

/* Begin PBXGroup section */
		333823CF2A3C282E00DECEA8 = {
			isa = PBXGroup;
			children = (
				333823DA2A3C282E00DECEA8 /* aurora */,
				333823D92A3C282E00DECEA8 /* Products */,
			);
			sourceTree = "<group>";
		};
		333823D92A3C282E00DECEA8 /* Products */ = {
			isa = PBXGroup;
			children = (
				333823D82A3C282E00DECEA8 /* Aurora.app */,
			);
			name = Products;
			sourceTree = "<group>";
		};
		333823DA2A3C282E00DECEA8 /* aurora */ = {
			isa = PBXGroup;
			children = (
				33D954762A4A959600429300 /* Info.plist */,
				333823DF2A3C283000DECEA8 /* Assets.xcassets */,
				333823DB2A3C282E00DECEA8 /* auroraApp.swift */,
				333824052A3C2A1900DECEA8 /* UI */,
			);
			path = aurora;
			sourceTree = "<group>";
		};
		333824052A3C2A1900DECEA8 /* UI */ = {
			isa = PBXGroup;
			children = (
				333823DD2A3C282E00DECEA8 /* ContentView.swift */,
				33A4819C2A3F18810048FE22 /* Background.swift */,
				333824082A3C2A4000DECEA8 /* View */,
			);
			path = UI;
			sourceTree = "<group>";
		};
		333824082A3C2A4000DECEA8 /* View */ = {
			isa = PBXGroup;
			children = (
				3338241C2A3C96C500DECEA8 /* Settings */,
				333824172A3C7C5A00DECEA8 /* Cells */,
				AAD2FA332A3DB5B8008D8AF1 /* Utilities */,
				3338241F2A3D15E100DECEA8 /* Start */,
				333824062A3C2A3B00DECEA8 /* Main.swift */,
				3338240B2A3C53FC00DECEA8 /* Options.swift */,
				333824102A3C6BA300DECEA8 /* Credits.swift */,
			);
			path = View;
			sourceTree = "<group>";
		};
		333824172A3C7C5A00DECEA8 /* Cells */ = {
			isa = PBXGroup;
			children = (
				333824092A3C38EA00DECEA8 /* Blurs.swift */,
				333824122A3C73B100DECEA8 /* CellModifiers.swift */,
				336F0C412A3E813500226184 /* Logging.swift */,
				33F98E9F2A413F3F001B1A27 /* Banners.swift */,
			);
			path = Cells;
			sourceTree = "<group>";
		};
		3338241C2A3C96C500DECEA8 /* Settings */ = {
			isa = PBXGroup;
			children = (
				3338241A2A3C96BA00DECEA8 /* Observable.swift */,
				333824422A3E715900DECEA8 /* Validation.swift */,
			);
			path = Settings;
			sourceTree = "<group>";
		};
		3338241F2A3D15E100DECEA8 /* Start */ = {
			isa = PBXGroup;
			children = (
				3338241D2A3D15DD00DECEA8 /* Jailbreak.swift */,
				333824332A3D4E8100DECEA8 /* Reboot.swift */,
				AAD2FA4E2A3E8AC2008D8AF1 /* Console.swift */,
			);
			path = Start;
			sourceTree = "<group>";
		};
		AAD2FA332A3DB5B8008D8AF1 /* Utilities */ = {
			isa = PBXGroup;
			children = (
				AAD2FA362A3DBB2E008D8AF1 /* ThemePicker.swift */,
				2F60E6D42A40AE54004B9838 /* DeviceInfo.swift */,
				33D954782A4ADD2300429300 /* Funny.swift */,
			);
			path = Utilities;
			sourceTree = "<group>";
		};
/* End PBXGroup section */

/* Begin PBXNativeTarget section */
		333823D72A3C282E00DECEA8 /* Aurora */ = {
			isa = PBXNativeTarget;
			buildConfigurationList = 333823FC2A3C283000DECEA8 /* Build configuration list for PBXNativeTarget "Aurora" */;
			buildPhases = (
				333823D42A3C282E00DECEA8 /* Sources */,
				333823D52A3C282E00DECEA8 /* Frameworks */,
				333823D62A3C282E00DECEA8 /* Resources */,
			);
			buildRules = (
			);
			dependencies = (
			);
			name = Aurora;
			packageProductDependencies = (
				AAAF1B052A3E944A00FBEBAF /* SwiftUIBackports */,
				33D954712A4A72F300429300 /* LookinServer */,
				33D9547B2A4AE2B800429300 /* SDWebImageSwiftUI */,
			);
			productName = rambutan;
			productReference = 333823D82A3C282E00DECEA8 /* Aurora.app */;
			productType = "com.apple.product-type.application";
		};
/* End PBXNativeTarget section */

/* Begin PBXProject section */
		333823D02A3C282E00DECEA8 /* Project object */ = {
			isa = PBXProject;
			attributes = {
				BuildIndependentTargetsInParallel = 1;
				LastSwiftUpdateCheck = 1430;
				LastUpgradeCheck = 1430;
				TargetAttributes = {
					333823D72A3C282E00DECEA8 = {
						CreatedOnToolsVersion = 14.3.1;
					};
				};
			};
			buildConfigurationList = 333823D32A3C282E00DECEA8 /* Build configuration list for PBXProject "Aurora" */;
			compatibilityVersion = "Xcode 14.0";
			developmentRegion = en;
			hasScannedForEncodings = 0;
			knownRegions = (
				en,
				Base,
			);
			mainGroup = 333823CF2A3C282E00DECEA8;
			packageReferences = (
				AAAF1B042A3E944900FBEBAF /* XCRemoteSwiftPackageReference "SwiftUIBackports" */,
				33D954702A4A72F300429300 /* XCRemoteSwiftPackageReference "LookinServer" */,
				33D9547A2A4AE2B800429300 /* XCRemoteSwiftPackageReference "SDWebImageSwiftUI" */,
			);
			productRefGroup = 333823D92A3C282E00DECEA8 /* Products */;
			projectDirPath = "";
			projectRoot = "";
			targets = (
				333823D72A3C282E00DECEA8 /* Aurora */,
			);
		};
/* End PBXProject section */

/* Begin PBXResourcesBuildPhase section */
		333823D62A3C282E00DECEA8 /* Resources */ = {
			isa = PBXResourcesBuildPhase;
			buildActionMask = 2147483647;
			files = (
				333823E02A3C283000DECEA8 /* Assets.xcassets in Resources */,
			);
			runOnlyForDeploymentPostprocessing = 0;
		};
/* End PBXResourcesBuildPhase section */

/* Begin PBXSourcesBuildPhase section */
		333823D42A3C282E00DECEA8 /* Sources */ = {
			isa = PBXSourcesBuildPhase;
			buildActionMask = 2147483647;
			files = (
				333824072A3C2A3B00DECEA8 /* Main.swift in Sources */,
				336F0C422A3E813500226184 /* Logging.swift in Sources */,
				33D954792A4ADD2300429300 /* Funny.swift in Sources */,
				33A4819D2A3F18810048FE22 /* Background.swift in Sources */,
				3338241E2A3D15DD00DECEA8 /* Jailbreak.swift in Sources */,
				333824342A3D4E8100DECEA8 /* Reboot.swift in Sources */,
				AAD2FA372A3DBB2E008D8AF1 /* ThemePicker.swift in Sources */,
				333823DE2A3C282E00DECEA8 /* ContentView.swift in Sources */,
				2F60E6D52A40AE54004B9838 /* DeviceInfo.swift in Sources */,
				33F98EA02A413F3F001B1A27 /* Banners.swift in Sources */,
				333824432A3E715900DECEA8 /* Validation.swift in Sources */,
				3338240A2A3C38EA00DECEA8 /* Blurs.swift in Sources */,
				3338240C2A3C53FC00DECEA8 /* Options.swift in Sources */,
				333824112A3C6BA300DECEA8 /* Credits.swift in Sources */,
				AAD2FA4F2A3E8AC2008D8AF1 /* Console.swift in Sources */,
				333824132A3C73B100DECEA8 /* CellModifiers.swift in Sources */,
				333823DC2A3C282E00DECEA8 /* auroraApp.swift in Sources */,
				3338241B2A3C96BA00DECEA8 /* Observable.swift in Sources */,
			);
			runOnlyForDeploymentPostprocessing = 0;
		};
/* End PBXSourcesBuildPhase section */

/* Begin XCBuildConfiguration section */
		333823FA2A3C283000DECEA8 /* Debug */ = {
			isa = XCBuildConfiguration;
			buildSettings = {
				ALWAYS_SEARCH_USER_PATHS = NO;
				CLANG_ANALYZER_NONNULL = YES;
				CLANG_ANALYZER_NUMBER_OBJECT_CONVERSION = YES_AGGRESSIVE;
				CLANG_CXX_LANGUAGE_STANDARD = "gnu++20";
				CLANG_ENABLE_MODULES = YES;
				CLANG_ENABLE_OBJC_ARC = YES;
				CLANG_ENABLE_OBJC_WEAK = YES;
				CLANG_WARN_BLOCK_CAPTURE_AUTORELEASING = YES;
				CLANG_WARN_BOOL_CONVERSION = YES;
				CLANG_WARN_COMMA = YES;
				CLANG_WARN_CONSTANT_CONVERSION = YES;
				CLANG_WARN_DEPRECATED_OBJC_IMPLEMENTATIONS = YES;
				CLANG_WARN_DIRECT_OBJC_ISA_USAGE = YES_ERROR;
				CLANG_WARN_DOCUMENTATION_COMMENTS = YES;
				CLANG_WARN_EMPTY_BODY = YES;
				CLANG_WARN_ENUM_CONVERSION = YES;
				CLANG_WARN_INFINITE_RECURSION = YES;
				CLANG_WARN_INT_CONVERSION = YES;
				CLANG_WARN_NON_LITERAL_NULL_CONVERSION = YES;
				CLANG_WARN_OBJC_IMPLICIT_RETAIN_SELF = YES;
				CLANG_WARN_OBJC_LITERAL_CONVERSION = YES;
				CLANG_WARN_OBJC_ROOT_CLASS = YES_ERROR;
				CLANG_WARN_QUOTED_INCLUDE_IN_FRAMEWORK_HEADER = YES;
				CLANG_WARN_RANGE_LOOP_ANALYSIS = YES;
				CLANG_WARN_STRICT_PROTOTYPES = YES;
				CLANG_WARN_SUSPICIOUS_MOVE = YES;
				CLANG_WARN_UNGUARDED_AVAILABILITY = YES_AGGRESSIVE;
				CLANG_WARN_UNREACHABLE_CODE = YES;
				CLANG_WARN__DUPLICATE_METHOD_MATCH = YES;
				COPY_PHASE_STRIP = NO;
				DEBUG_INFORMATION_FORMAT = dwarf;
				DONT_GENERATE_INFOPLIST_FILE = YES;
				ENABLE_STRICT_OBJC_MSGSEND = YES;
				ENABLE_TESTABILITY = YES;
				GCC_C_LANGUAGE_STANDARD = gnu11;
				GCC_DYNAMIC_NO_PIC = NO;
				GCC_NO_COMMON_BLOCKS = YES;
				GCC_OPTIMIZATION_LEVEL = 0;
				GCC_PREPROCESSOR_DEFINITIONS = (
					"DEBUG=1",
					"$(inherited)",
				);
				GCC_WARN_64_TO_32_BIT_CONVERSION = YES;
				GCC_WARN_ABOUT_RETURN_TYPE = YES_ERROR;
				GCC_WARN_UNDECLARED_SELECTOR = YES;
				GCC_WARN_UNINITIALIZED_AUTOS = YES_AGGRESSIVE;
				GCC_WARN_UNUSED_FUNCTION = YES;
				GCC_WARN_UNUSED_VARIABLE = YES;
				INFOPLIST_FILE = /Users/samara/Documents/GitHub/rambutan/aurora/Info.plist;
				IPHONEOS_DEPLOYMENT_TARGET = 14.3;
				MTL_ENABLE_DEBUG_INFO = INCLUDE_SOURCE;
				MTL_FAST_MATH = YES;
				ONLY_ACTIVE_ARCH = YES;
				SDKROOT = iphoneos;
				SWIFT_ACTIVE_COMPILATION_CONDITIONS = DEBUG;
				SWIFT_OPTIMIZATION_LEVEL = "-Onone";
			};
			name = Debug;
		};
		333823FB2A3C283000DECEA8 /* Release */ = {
			isa = XCBuildConfiguration;
			buildSettings = {
				ALWAYS_SEARCH_USER_PATHS = NO;
				CLANG_ANALYZER_NONNULL = YES;
				CLANG_ANALYZER_NUMBER_OBJECT_CONVERSION = YES_AGGRESSIVE;
				CLANG_CXX_LANGUAGE_STANDARD = "gnu++20";
				CLANG_ENABLE_MODULES = YES;
				CLANG_ENABLE_OBJC_ARC = YES;
				CLANG_ENABLE_OBJC_WEAK = YES;
				CLANG_WARN_BLOCK_CAPTURE_AUTORELEASING = YES;
				CLANG_WARN_BOOL_CONVERSION = YES;
				CLANG_WARN_COMMA = YES;
				CLANG_WARN_CONSTANT_CONVERSION = YES;
				CLANG_WARN_DEPRECATED_OBJC_IMPLEMENTATIONS = YES;
				CLANG_WARN_DIRECT_OBJC_ISA_USAGE = YES_ERROR;
				CLANG_WARN_DOCUMENTATION_COMMENTS = YES;
				CLANG_WARN_EMPTY_BODY = YES;
				CLANG_WARN_ENUM_CONVERSION = YES;
				CLANG_WARN_INFINITE_RECURSION = YES;
				CLANG_WARN_INT_CONVERSION = YES;
				CLANG_WARN_NON_LITERAL_NULL_CONVERSION = YES;
				CLANG_WARN_OBJC_IMPLICIT_RETAIN_SELF = YES;
				CLANG_WARN_OBJC_LITERAL_CONVERSION = YES;
				CLANG_WARN_OBJC_ROOT_CLASS = YES_ERROR;
				CLANG_WARN_QUOTED_INCLUDE_IN_FRAMEWORK_HEADER = YES;
				CLANG_WARN_RANGE_LOOP_ANALYSIS = YES;
				CLANG_WARN_STRICT_PROTOTYPES = YES;
				CLANG_WARN_SUSPICIOUS_MOVE = YES;
				CLANG_WARN_UNGUARDED_AVAILABILITY = YES_AGGRESSIVE;
				CLANG_WARN_UNREACHABLE_CODE = YES;
				CLANG_WARN__DUPLICATE_METHOD_MATCH = YES;
				COPY_PHASE_STRIP = NO;
				DEBUG_INFORMATION_FORMAT = "dwarf-with-dsym";
				DONT_GENERATE_INFOPLIST_FILE = YES;
				ENABLE_NS_ASSERTIONS = NO;
				ENABLE_STRICT_OBJC_MSGSEND = YES;
				GCC_C_LANGUAGE_STANDARD = gnu11;
				GCC_NO_COMMON_BLOCKS = YES;
				GCC_WARN_64_TO_32_BIT_CONVERSION = YES;
				GCC_WARN_ABOUT_RETURN_TYPE = YES_ERROR;
				GCC_WARN_UNDECLARED_SELECTOR = YES;
				GCC_WARN_UNINITIALIZED_AUTOS = YES_AGGRESSIVE;
				GCC_WARN_UNUSED_FUNCTION = YES;
				GCC_WARN_UNUSED_VARIABLE = YES;
				INFOPLIST_FILE = /Users/samara/Documents/GitHub/rambutan/aurora/Info.plist;
				IPHONEOS_DEPLOYMENT_TARGET = 14.3;
				MTL_ENABLE_DEBUG_INFO = NO;
				MTL_FAST_MATH = YES;
				SDKROOT = iphoneos;
				SWIFT_COMPILATION_MODE = wholemodule;
				SWIFT_OPTIMIZATION_LEVEL = "-O";
				VALIDATE_PRODUCT = YES;
			};
			name = Release;
		};
		333823FD2A3C283000DECEA8 /* Debug */ = {
			isa = XCBuildConfiguration;
			buildSettings = {
				ASSETCATALOG_COMPILER_APPICON_NAME = AppIcon;
				ASSETCATALOG_COMPILER_GLOBAL_ACCENT_COLOR_NAME = AccentColor;
				CODE_SIGN_IDENTITY = "Apple Development";
				CODE_SIGN_STYLE = Automatic;
				CURRENT_PROJECT_VERSION = 1;
				DEVELOPMENT_TEAM = DLSL362JHJ;
				ENABLE_PREVIEWS = YES;
				GENERATE_INFOPLIST_FILE = NO;
				INFOPLIST_FILE = /Users/samara/Documents/GitHub/rambutan/aurora/Info.plist;
				INFOPLIST_KEY_CFBundleDisplayName = Aurora;
				INFOPLIST_KEY_UIApplicationSceneManifest_Generation = YES;
				INFOPLIST_KEY_UIApplicationSupportsIndirectInputEvents = YES;
				INFOPLIST_KEY_UILaunchScreen_Generation = YES;
				INFOPLIST_KEY_UIStatusBarStyle = "";
				INFOPLIST_KEY_UISupportedInterfaceOrientations = UIInterfaceOrientationPortrait;
				INFOPLIST_KEY_UISupportedInterfaceOrientations_iPad = "UIInterfaceOrientationLandscapeLeft UIInterfaceOrientationLandscapeRight UIInterfaceOrientationPortrait UIInterfaceOrientationPortraitUpsideDown";
				IPHONEOS_DEPLOYMENT_TARGET = 14.3;
				LD_RUNPATH_SEARCH_PATHS = (
					"$(inherited)",
					"@executable_path/Frameworks",
				);
				MARKETING_VERSION = 1.0;
				PRODUCT_BUNDLE_IDENTIFIER = com.iiau.aurora;
				PRODUCT_NAME = "$(TARGET_NAME)";
				PROVISIONING_PROFILE_SPECIFIER = "";
				SWIFT_EMIT_LOC_STRINGS = YES;
				SWIFT_OBJC_BRIDGING_HEADER = "";
				SWIFT_VERSION = 5.0;
				TARGETED_DEVICE_FAMILY = "1,2";
			};
			name = Debug;
		};
		333823FE2A3C283000DECEA8 /* Release */ = {
			isa = XCBuildConfiguration;
			buildSettings = {
				ASSETCATALOG_COMPILER_APPICON_NAME = AppIcon;
				ASSETCATALOG_COMPILER_GLOBAL_ACCENT_COLOR_NAME = AccentColor;
				CODE_SIGN_IDENTITY = "Apple Development";
				CODE_SIGN_STYLE = Automatic;
				CURRENT_PROJECT_VERSION = 1;
				DEVELOPMENT_TEAM = DLSL362JHJ;
				ENABLE_PREVIEWS = YES;
				GENERATE_INFOPLIST_FILE = NO;
				INFOPLIST_FILE = /Users/samara/Documents/GitHub/rambutan/aurora/Info.plist;
				INFOPLIST_KEY_CFBundleDisplayName = Aurora;
				INFOPLIST_KEY_UIApplicationSceneManifest_Generation = YES;
				INFOPLIST_KEY_UIApplicationSupportsIndirectInputEvents = YES;
				INFOPLIST_KEY_UILaunchScreen_Generation = YES;
				INFOPLIST_KEY_UIStatusBarStyle = "";
				INFOPLIST_KEY_UISupportedInterfaceOrientations = UIInterfaceOrientationPortrait;
				INFOPLIST_KEY_UISupportedInterfaceOrientations_iPad = "UIInterfaceOrientationLandscapeLeft UIInterfaceOrientationLandscapeRight UIInterfaceOrientationPortrait UIInterfaceOrientationPortraitUpsideDown";
				IPHONEOS_DEPLOYMENT_TARGET = 14.3;
				LD_RUNPATH_SEARCH_PATHS = (
					"$(inherited)",
					"@executable_path/Frameworks",
				);
				MARKETING_VERSION = 1.0;
				PRODUCT_BUNDLE_IDENTIFIER = com.iiau.aurora;
				PRODUCT_NAME = "$(TARGET_NAME)";
				PROVISIONING_PROFILE_SPECIFIER = "";
				SWIFT_EMIT_LOC_STRINGS = YES;
				SWIFT_OBJC_BRIDGING_HEADER = "";
				SWIFT_VERSION = 5.0;
				TARGETED_DEVICE_FAMILY = "1,2";
			};
			name = Release;
		};
/* End XCBuildConfiguration section */

/* Begin XCConfigurationList section */
		333823D32A3C282E00DECEA8 /* Build configuration list for PBXProject "Aurora" */ = {
			isa = XCConfigurationList;
			buildConfigurations = (
				333823FA2A3C283000DECEA8 /* Debug */,
				333823FB2A3C283000DECEA8 /* Release */,
			);
			defaultConfigurationIsVisible = 0;
			defaultConfigurationName = Release;
		};
		333823FC2A3C283000DECEA8 /* Build configuration list for PBXNativeTarget "Aurora" */ = {
			isa = XCConfigurationList;
			buildConfigurations = (
				333823FD2A3C283000DECEA8 /* Debug */,
				333823FE2A3C283000DECEA8 /* Release */,
			);
			defaultConfigurationIsVisible = 0;
			defaultConfigurationName = Release;
		};
/* End XCConfigurationList section */

/* Begin XCRemoteSwiftPackageReference section */
		33D954702A4A72F300429300 /* XCRemoteSwiftPackageReference "LookinServer" */ = {
			isa = XCRemoteSwiftPackageReference;
			repositoryURL = "https://github.com/QMUI/LookinServer/";
			requirement = {
				kind = upToNextMajorVersion;
				minimumVersion = 1.0.0;
			};
		};
		33D9547A2A4AE2B800429300 /* XCRemoteSwiftPackageReference "SDWebImageSwiftUI" */ = {
			isa = XCRemoteSwiftPackageReference;
			repositoryURL = "https://github.com/SDWebImage/SDWebImageSwiftUI";
			requirement = {
				kind = upToNextMajorVersion;
				minimumVersion = 2.0.0;
			};
		};
		AAAF1B042A3E944900FBEBAF /* XCRemoteSwiftPackageReference "SwiftUIBackports" */ = {
			isa = XCRemoteSwiftPackageReference;
			repositoryURL = "https://github.com/shaps80/SwiftUIBackports";
			requirement = {
				kind = upToNextMajorVersion;
				minimumVersion = 2.8.0;
			};
		};
/* End XCRemoteSwiftPackageReference section */

/* Begin XCSwiftPackageProductDependency section */
		33D954712A4A72F300429300 /* LookinServer */ = {
			isa = XCSwiftPackageProductDependency;
			package = 33D954702A4A72F300429300 /* XCRemoteSwiftPackageReference "LookinServer" */;
			productName = LookinServer;
		};
		33D9547B2A4AE2B800429300 /* SDWebImageSwiftUI */ = {
			isa = XCSwiftPackageProductDependency;
			package = 33D9547A2A4AE2B800429300 /* XCRemoteSwiftPackageReference "SDWebImageSwiftUI" */;
			productName = SDWebImageSwiftUI;
		};
		AAAF1B052A3E944A00FBEBAF /* SwiftUIBackports */ = {
			isa = XCSwiftPackageProductDependency;
			package = AAAF1B042A3E944900FBEBAF /* XCRemoteSwiftPackageReference "SwiftUIBackports" */;
			productName = SwiftUIBackports;
		};
/* End XCSwiftPackageProductDependency section */
	};
	rootObject = 333823D02A3C282E00DECEA8 /* Project object */;
}
